// !$*UTF8*$!
{
	archiveVersion = 1;
	classes = {
	};
	objectVersion = 56;
	objects = {

/* Begin PBXBuildFile section */
		5B081D512C668CD500996051 /* Weather_AppApp.swift in Sources */ = {isa = PBXBuildFile; fileRef = 5B081D502C668CD500996051 /* Weather_AppApp.swift */; };
		5B081D552C668CD700996051 /* Assets.xcassets in Resources */ = {isa = PBXBuildFile; fileRef = 5B081D542C668CD700996051 /* Assets.xcassets */; };
		5B081D582C668CD700996051 /* Preview Assets.xcassets in Resources */ = {isa = PBXBuildFile; fileRef = 5B081D572C668CD700996051 /* Preview Assets.xcassets */; };
		5B081D602C668E3200996051 /* LocationManager.swift in Sources */ = {isa = PBXBuildFile; fileRef = 5B081D5F2C668E3200996051 /* LocationManager.swift */; };
		5B081D632C66A12D00996051 /* WelcomeView.swift in Sources */ = {isa = PBXBuildFile; fileRef = 5B081D622C66A12D00996051 /* WelcomeView.swift */; };
		5B081D652C66A4DD00996051 /* ContentView.swift in Sources */ = {isa = PBXBuildFile; fileRef = 5B081D522C668CD500996051 /* ContentView.swift */; };
		5B081D672C66AB6100996051 /* LoadingView.swift in Sources */ = {isa = PBXBuildFile; fileRef = 5B081D662C66AB6100996051 /* LoadingView.swift */; };
		5B9589772C6759A300D10EEE /* WeatherManager.swift in Sources */ = {isa = PBXBuildFile; fileRef = 5B9589762C6759A300D10EEE /* WeatherManager.swift */; };
		5B9589792C679B9500D10EEE /* WeatherView.swift in Sources */ = {isa = PBXBuildFile; fileRef = 5B9589782C679B9500D10EEE /* WeatherView.swift */; };
		5B95897B2C679BEA00D10EEE /* ModeData.swift in Sources */ = {isa = PBXBuildFile; fileRef = 5B95897A2C679BEA00D10EEE /* ModeData.swift */; };
		5B95897D2C679C9000D10EEE /* weatherData.json in Resources */ = {isa = PBXBuildFile; fileRef = 5B95897C2C679C9000D10EEE /* weatherData.json */; };
		5B95897F2C679E5100D10EEE /* Extensions.swift in Sources */ = {isa = PBXBuildFile; fileRef = 5B95897E2C679E5100D10EEE /* Extensions.swift */; };
		5B9589822C67AF2E00D10EEE /* WeatherRow.swift in Sources */ = {isa = PBXBuildFile; fileRef = 5B9589812C67AF2E00D10EEE /* WeatherRow.swift */; };
/* End PBXBuildFile section */

/* Begin PBXFileReference section */
		5B081D4D2C668CD500996051 /* Weather App.app */ = {isa = PBXFileReference; explicitFileType = wrapper.application; includeInIndex = 0; path = "Weather App.app"; sourceTree = BUILT_PRODUCTS_DIR; };
		5B081D502C668CD500996051 /* Weather_AppApp.swift */ = {isa = PBXFileReference; lastKnownFileType = sourcecode.swift; path = Weather_AppApp.swift; sourceTree = "<group>"; };
		5B081D522C668CD500996051 /* ContentView.swift */ = {isa = PBXFileReference; lastKnownFileType = sourcecode.swift; path = ContentView.swift; sourceTree = "<group>"; usesTabs = 0; wrapsLines = 1; };
		5B081D542C668CD700996051 /* Assets.xcassets */ = {isa = PBXFileReference; lastKnownFileType = folder.assetcatalog; path = Assets.xcassets; sourceTree = "<group>"; };
		5B081D572C668CD700996051 /* Preview Assets.xcassets */ = {isa = PBXFileReference; lastKnownFileType = folder.assetcatalog; path = "Preview Assets.xcassets"; sourceTree = "<group>"; };
		5B081D5F2C668E3200996051 /* LocationManager.swift */ = {isa = PBXFileReference; lastKnownFileType = sourcecode.swift; path = LocationManager.swift; sourceTree = "<group>"; };
		5B081D622C66A12D00996051 /* WelcomeView.swift */ = {isa = PBXFileReference; lastKnownFileType = sourcecode.swift; path = WelcomeView.swift; sourceTree = "<group>"; };
		5B081D662C66AB6100996051 /* LoadingView.swift */ = {isa = PBXFileReference; lastKnownFileType = sourcecode.swift; path = LoadingView.swift; sourceTree = "<group>"; };
		5B9589762C6759A300D10EEE /* WeatherManager.swift */ = {isa = PBXFileReference; lastKnownFileType = sourcecode.swift; path = WeatherManager.swift; sourceTree = "<group>"; };
		5B9589782C679B9500D10EEE /* WeatherView.swift */ = {isa = PBXFileReference; lastKnownFileType = sourcecode.swift; path = WeatherView.swift; sourceTree = "<group>"; };
		5B95897A2C679BEA00D10EEE /* ModeData.swift */ = {isa = PBXFileReference; lastKnownFileType = sourcecode.swift; path = ModeData.swift; sourceTree = "<group>"; };
		5B95897C2C679C9000D10EEE /* weatherData.json */ = {isa = PBXFileReference; lastKnownFileType = text.json; path = weatherData.json; sourceTree = "<group>"; };
		5B95897E2C679E5100D10EEE /* Extensions.swift */ = {isa = PBXFileReference; lastKnownFileType = sourcecode.swift; path = Extensions.swift; sourceTree = "<group>"; };
		5B9589812C67AF2E00D10EEE /* WeatherRow.swift */ = {isa = PBXFileReference; lastKnownFileType = sourcecode.swift; path = WeatherRow.swift; sourceTree = "<group>"; };
/* End PBXFileReference section */

/* Begin PBXFrameworksBuildPhase section */
		5B081D4A2C668CD500996051 /* Frameworks */ = {
			isa = PBXFrameworksBuildPhase;
			buildActionMask = 2147483647;
			files = (
			);
			runOnlyForDeploymentPostprocessing = 0;
		};
/* End PBXFrameworksBuildPhase section */

/* Begin PBXGroup section */
		5B081D442C668CD500996051 = {
			isa = PBXGroup;
			children = (
				5B081D4F2C668CD500996051 /* Weather App */,
				5B081D4E2C668CD500996051 /* Products */,
			);
			sourceTree = "<group>";
		};
		5B081D4E2C668CD500996051 /* Products */ = {
			isa = PBXGroup;
			children = (
				5B081D4D2C668CD500996051 /* Weather App.app */,
			);
			name = Products;
			sourceTree = "<group>";
		};
		5B081D4F2C668CD500996051 /* Weather App */ = {
			isa = PBXGroup;
			children = (
				5B9589802C67AF1500D10EEE /* Components */,
				5B081D612C669BA800996051 /* Views */,
				5B081D5E2C668E1200996051 /* Managers */,
				5B081D502C668CD500996051 /* Weather_AppApp.swift */,
				5B081D542C668CD700996051 /* Assets.xcassets */,
				5B081D562C668CD700996051 /* Preview Content */,
			);
			path = "Weather App";
			sourceTree = "<group>";
		};
		5B081D562C668CD700996051 /* Preview Content */ = {
			isa = PBXGroup;
			children = (
				5B081D572C668CD700996051 /* Preview Assets.xcassets */,
				5B95897A2C679BEA00D10EEE /* ModeData.swift */,
				5B95897C2C679C9000D10EEE /* weatherData.json */,
			);
			path = "Preview Content";
			sourceTree = "<group>";
		};
		5B081D5E2C668E1200996051 /* Managers */ = {
			isa = PBXGroup;
			children = (
				5B081D5F2C668E3200996051 /* LocationManager.swift */,
				5B9589762C6759A300D10EEE /* WeatherManager.swift */,
			);
			path = Managers;
			sourceTree = "<group>";
		};
		5B081D612C669BA800996051 /* Views */ = {
			isa = PBXGroup;
			children = (
				5B081D522C668CD500996051 /* ContentView.swift */,
				5B081D622C66A12D00996051 /* WelcomeView.swift */,
				5B081D662C66AB6100996051 /* LoadingView.swift */,
				5B9589782C679B9500D10EEE /* WeatherView.swift */,
				5B95897E2C679E5100D10EEE /* Extensions.swift */,
			);
			path = Views;
			sourceTree = "<group>";
		};
		5B9589802C67AF1500D10EEE /* Components */ = {
			isa = PBXGroup;
			children = (
				5B9589812C67AF2E00D10EEE /* WeatherRow.swift */,
			);
			path = Components;
			sourceTree = "<group>";
		};
/* End PBXGroup section */

/* Begin PBXNativeTarget section */
		5B081D4C2C668CD500996051 /* Weather App */ = {
			isa = PBXNativeTarget;
			buildConfigurationList = 5B081D5B2C668CD700996051 /* Build configuration list for PBXNativeTarget "Weather App" */;
			buildPhases = (
				5B081D492C668CD500996051 /* Sources */,
				5B081D4A2C668CD500996051 /* Frameworks */,
				5B081D4B2C668CD500996051 /* Resources */,
			);
			buildRules = (
			);
			dependencies = (
			);
			name = "Weather App";
			productName = "Weather App";
			productReference = 5B081D4D2C668CD500996051 /* Weather App.app */;
			productType = "com.apple.product-type.application";
		};
/* End PBXNativeTarget section */

/* Begin PBXProject section */
		5B081D452C668CD500996051 /* Project object */ = {
			isa = PBXProject;
			attributes = {
				BuildIndependentTargetsInParallel = 1;
				LastSwiftUpdateCheck = 1540;
				LastUpgradeCheck = 1540;
				TargetAttributes = {
					5B081D4C2C668CD500996051 = {
						CreatedOnToolsVersion = 15.4;
						LastSwiftMigration = 1540;
					};
				};
			};
			buildConfigurationList = 5B081D482C668CD500996051 /* Build configuration list for PBXProject "Weather App" */;
			compatibilityVersion = "Xcode 14.0";
			developmentRegion = en;
			hasScannedForEncodings = 0;
			knownRegions = (
				en,
				Base,
			);
			mainGroup = 5B081D442C668CD500996051;
			productRefGroup = 5B081D4E2C668CD500996051 /* Products */;
			projectDirPath = "";
			projectRoot = "";
			targets = (
				5B081D4C2C668CD500996051 /* Weather App */,
			);
		};
/* End PBXProject section */

/* Begin PBXResourcesBuildPhase section */
		5B081D4B2C668CD500996051 /* Resources */ = {
			isa = PBXResourcesBuildPhase;
			buildActionMask = 2147483647;
			files = (
				5B081D582C668CD700996051 /* Preview Assets.xcassets in Resources */,
				5B95897D2C679C9000D10EEE /* weatherData.json in Resources */,
				5B081D552C668CD700996051 /* Assets.xcassets in Resources */,
			);
			runOnlyForDeploymentPostprocessing = 0;
		};
/* End PBXResourcesBuildPhase section */

/* Begin PBXSourcesBuildPhase section */
		5B081D492C668CD500996051 /* Sources */ = {
			isa = PBXSourcesBuildPhase;
			buildActionMask = 2147483647;
			files = (
				5B95897B2C679BEA00D10EEE /* ModeData.swift in Sources */,
				5B95897F2C679E5100D10EEE /* Extensions.swift in Sources */,
				5B9589772C6759A300D10EEE /* WeatherManager.swift in Sources */,
				5B081D672C66AB6100996051 /* LoadingView.swift in Sources */,
				5B081D512C668CD500996051 /* Weather_AppApp.swift in Sources */,
				5B9589822C67AF2E00D10EEE /* WeatherRow.swift in Sources */,
				5B081D602C668E3200996051 /* LocationManager.swift in Sources */,
				5B081D652C66A4DD00996051 /* ContentView.swift in Sources */,
				5B9589792C679B9500D10EEE /* WeatherView.swift in Sources */,
				5B081D632C66A12D00996051 /* WelcomeView.swift in Sources */,
			);
			runOnlyForDeploymentPostprocessing = 0;
		};
/* End PBXSourcesBuildPhase section */

/* Begin XCBuildConfiguration section */
		5B081D592C668CD700996051 /* Debug */ = {
			isa = XCBuildConfiguration;
			buildSettings = {
				ALWAYS_SEARCH_USER_PATHS = NO;
				ASSETCATALOG_COMPILER_GENERATE_SWIFT_ASSET_SYMBOL_EXTENSIONS = YES;
				CLANG_ANALYZER_NONNULL = YES;
				CLANG_ANALYZER_NUMBER_OBJECT_CONVERSION = YES_AGGRESSIVE;
				CLANG_CXX_LANGUAGE_STANDARD = "gnu++20";
				CLANG_ENABLE_MODULES = YES;
				CLANG_ENABLE_OBJC_ARC = YES;
				CLANG_ENABLE_OBJC_WEAK = YES;
				CLANG_WARN_BLOCK_CAPTURE_AUTORELEASING = YES;
				CLANG_WARN_BOOL_CONVERSION = YES;
				CLANG_WARN_COMMA = YES;
				CLANG_WARN_CONSTANT_CONVERSION = YES;
				CLANG_WARN_DEPRECATED_OBJC_IMPLEMENTATIONS = YES;
				CLANG_WARN_DIRECT_OBJC_ISA_USAGE = YES_ERROR;
				CLANG_WARN_DOCUMENTATION_COMMENTS = YES;
				CLANG_WARN_EMPTY_BODY = YES;
				CLANG_WARN_ENUM_CONVERSION = YES;
				CLANG_WARN_INFINITE_RECURSION = YES;
				CLANG_WARN_INT_CONVERSION = YES;
				CLANG_WARN_NON_LITERAL_NULL_CONVERSION = YES;
				CLANG_WARN_OBJC_IMPLICIT_RETAIN_SELF = YES;
				CLANG_WARN_OBJC_LITERAL_CONVERSION = YES;
				CLANG_WARN_OBJC_ROOT_CLASS = YES_ERROR;
				CLANG_WARN_QUOTED_INCLUDE_IN_FRAMEWORK_HEADER = YES;
				CLANG_WARN_RANGE_LOOP_ANALYSIS = YES;
				CLANG_WARN_STRICT_PROTOTYPES = YES;
				CLANG_WARN_SUSPICIOUS_MOVE = YES;
				CLANG_WARN_UNGUARDED_AVAILABILITY = YES_AGGRESSIVE;
				CLANG_WARN_UNREACHABLE_CODE = YES;
				CLANG_WARN__DUPLICATE_METHOD_MATCH = YES;
				COPY_PHASE_STRIP = NO;
				DEBUG_INFORMATION_FORMAT = dwarf;
				ENABLE_STRICT_OBJC_MSGSEND = YES;
				ENABLE_TESTABILITY = YES;
				ENABLE_USER_SCRIPT_SANDBOXING = YES;
				GCC_C_LANGUAGE_STANDARD = gnu17;
				GCC_DYNAMIC_NO_PIC = NO;
				GCC_NO_COMMON_BLOCKS = YES;
				GCC_OPTIMIZATION_LEVEL = 0;
				GCC_PREPROCESSOR_DEFINITIONS = (
					"DEBUG=1",
					"$(inherited)",
				);
				GCC_WARN_64_TO_32_BIT_CONVERSION = YES;
				GCC_WARN_ABOUT_RETURN_TYPE = YES_ERROR;
				GCC_WARN_UNDECLARED_SELECTOR = YES;
				GCC_WARN_UNINITIALIZED_AUTOS = YES_AGGRESSIVE;
				GCC_WARN_UNUSED_FUNCTION = YES;
				GCC_WARN_UNUSED_VARIABLE = YES;
				IPHONEOS_DEPLOYMENT_TARGET = 15.0;
				LOCALIZATION_PREFERS_STRING_CATALOGS = YES;
				MTL_ENABLE_DEBUG_INFO = INCLUDE_SOURCE;
				MTL_FAST_MATH = YES;
				ONLY_ACTIVE_ARCH = YES;
				SDKROOT = iphoneos;
				SWIFT_ACTIVE_COMPILATION_CONDITIONS = "DEBUG $(inherited)";
				SWIFT_OPTIMIZATION_LEVEL = "-Onone";
			};
			name = Debug;
		};
		5B081D5A2C668CD700996051 /* Release */ = {
			isa = XCBuildConfiguration;
			buildSettings = {
				ALWAYS_SEARCH_USER_PATHS = NO;
				ASSETCATALOG_COMPILER_GENERATE_SWIFT_ASSET_SYMBOL_EXTENSIONS = YES;
				CLANG_ANALYZER_NONNULL = YES;
				CLANG_ANALYZER_NUMBER_OBJECT_CONVERSION = YES_AGGRESSIVE;
				CLANG_CXX_LANGUAGE_STANDARD = "gnu++20";
				CLANG_ENABLE_MODULES = YES;
				CLANG_ENABLE_OBJC_ARC = YES;
				CLANG_ENABLE_OBJC_WEAK = YES;
				CLANG_WARN_BLOCK_CAPTURE_AUTORELEASING = YES;
				CLANG_WARN_BOOL_CONVERSION = YES;
				CLANG_WARN_COMMA = YES;
				CLANG_WARN_CONSTANT_CONVERSION = YES;
				CLANG_WARN_DEPRECATED_OBJC_IMPLEMENTATIONS = YES;
				CLANG_WARN_DIRECT_OBJC_ISA_USAGE = YES_ERROR;
				CLANG_WARN_DOCUMENTATION_COMMENTS = YES;
				CLANG_WARN_EMPTY_BODY = YES;
				CLANG_WARN_ENUM_CONVERSION = YES;
				CLANG_WARN_INFINITE_RECURSION = YES;
				CLANG_WARN_INT_CONVERSION = YES;
				CLANG_WARN_NON_LITERAL_NULL_CONVERSION = YES;
				CLANG_WARN_OBJC_IMPLICIT_RETAIN_SELF = YES;
				CLANG_WARN_OBJC_LITERAL_CONVERSION = YES;
				CLANG_WARN_OBJC_ROOT_CLASS = YES_ERROR;
				CLANG_WARN_QUOTED_INCLUDE_IN_FRAMEWORK_HEADER = YES;
				CLANG_WARN_RANGE_LOOP_ANALYSIS = YES;
				CLANG_WARN_STRICT_PROTOTYPES = YES;
				CLANG_WARN_SUSPICIOUS_MOVE = YES;
				CLANG_WARN_UNGUARDED_AVAILABILITY = YES_AGGRESSIVE;
				CLANG_WARN_UNREACHABLE_CODE = YES;
				CLANG_WARN__DUPLICATE_METHOD_MATCH = YES;
				COPY_PHASE_STRIP = NO;
				DEBUG_INFORMATION_FORMAT = "dwarf-with-dsym";
				ENABLE_NS_ASSERTIONS = NO;
				ENABLE_STRICT_OBJC_MSGSEND = YES;
				ENABLE_USER_SCRIPT_SANDBOXING = YES;
				GCC_C_LANGUAGE_STANDARD = gnu17;
				GCC_NO_COMMON_BLOCKS = YES;
				GCC_WARN_64_TO_32_BIT_CONVERSION = YES;
				GCC_WARN_ABOUT_RETURN_TYPE = YES_ERROR;
				GCC_WARN_UNDECLARED_SELECTOR = YES;
				GCC_WARN_UNINITIALIZED_AUTOS = YES_AGGRESSIVE;
				GCC_WARN_UNUSED_FUNCTION = YES;
				GCC_WARN_UNUSED_VARIABLE = YES;
				IPHONEOS_DEPLOYMENT_TARGET = 15.0;
				LOCALIZATION_PREFERS_STRING_CATALOGS = YES;
				MTL_ENABLE_DEBUG_INFO = NO;
				MTL_FAST_MATH = YES;
				SDKROOT = iphoneos;
				SWIFT_COMPILATION_MODE = wholemodule;
				VALIDATE_PRODUCT = YES;
			};
			name = Release;
		};
		5B081D5C2C668CD700996051 /* Debug */ = {
			isa = XCBuildConfiguration;
			buildSettings = {
				ASSETCATALOG_COMPILER_APPICON_NAME = AppIcon;
				ASSETCATALOG_COMPILER_GLOBAL_ACCENT_COLOR_NAME = AccentColor;
				CLANG_ENABLE_MODULES = YES;
				CODE_SIGN_STYLE = Automatic;
				CURRENT_PROJECT_VERSION = 1;
				DEVELOPMENT_ASSET_PATHS = "\"Weather App/Preview Content\"";
				DEVELOPMENT_TEAM = K2PLACU2G4;
				ENABLE_PREVIEWS = YES;
				GENERATE_INFOPLIST_FILE = YES;
				INFOPLIST_KEY_UIApplicationSceneManifest_Generation = YES;
				INFOPLIST_KEY_UIApplicationSupportsIndirectInputEvents = YES;
				INFOPLIST_KEY_UILaunchScreen_Generation = YES;
				INFOPLIST_KEY_UISupportedInterfaceOrientations_iPad = "UIInterfaceOrientationPortrait UIInterfaceOrientationPortraitUpsideDown UIInterfaceOrientationLandscapeLeft UIInterfaceOrientationLandscapeRight";
				INFOPLIST_KEY_UISupportedInterfaceOrientations_iPhone = "UIInterfaceOrientationPortrait UIInterfaceOrientationLandscapeLeft UIInterfaceOrientationLandscapeRight";
				IPHONEOS_DEPLOYMENT_TARGET = 15.0;
				LD_RUNPATH_SEARCH_PATHS = (
					"$(inherited)",
					"@executable_path/Frameworks",
				);
				MARKETING_VERSION = 1.0;
				PRODUCT_BUNDLE_IDENTIFIER = "anjaney.Weather-App";
				PRODUCT_NAME = "$(TARGET_NAME)";
				SWIFT_EMIT_LOC_STRINGS = YES;
				SWIFT_OPTIMIZATION_LEVEL = "-Onone";
				SWIFT_VERSION = 5.0;
				TARGETED_DEVICE_FAMILY = "1,2";
			};
			name = Debug;
		};
		5B081D5D2C668CD700996051 /* Release */ = {
			isa = XCBuildConfiguration;
			buildSettings = {
				ASSETCATALOG_COMPILER_APPICON_NAME = AppIcon;
				ASSETCATALOG_COMPILER_GLOBAL_ACCENT_COLOR_NAME = AccentColor;
				CLANG_ENABLE_MODULES = YES;
				CODE_SIGN_STYLE = Automatic;
				CURRENT_PROJECT_VERSION = 1;
				DEVELOPMENT_ASSET_PATHS = "\"Weather App/Preview Content\"";
				DEVELOPMENT_TEAM = K2PLACU2G4;
				ENABLE_PREVIEWS = YES;
				GENERATE_INFOPLIST_FILE = YES;
				INFOPLIST_KEY_UIApplicationSceneManifest_Generation = YES;
				INFOPLIST_KEY_UIApplicationSupportsIndirectInputEvents = YES;
				INFOPLIST_KEY_UILaunchScreen_Generation = YES;
				INFOPLIST_KEY_UISupportedInterfaceOrientations_iPad = "UIInterfaceOrientationPortrait UIInterfaceOrientationPortraitUpsideDown UIInterfaceOrientationLandscapeLeft UIInterfaceOrientationLandscapeRight";
				INFOPLIST_KEY_UISupportedInterfaceOrientations_iPhone = "UIInterfaceOrientationPortrait UIInterfaceOrientationLandscapeLeft UIInterfaceOrientationLandscapeRight";
				IPHONEOS_DEPLOYMENT_TARGET = 15.0;
				LD_RUNPATH_SEARCH_PATHS = (
					"$(inherited)",
					"@executable_path/Frameworks",
				);
				MARKETING_VERSION = 1.0;
				PRODUCT_BUNDLE_IDENTIFIER = "anjaney.Weather-App";
				PRODUCT_NAME = "$(TARGET_NAME)";
				SWIFT_EMIT_LOC_STRINGS = YES;
				SWIFT_VERSION = 5.0;
				TARGETED_DEVICE_FAMILY = "1,2";
			};
			name = Release;
		};
/* End XCBuildConfiguration section */

/* Begin XCConfigurationList section */
		5B081D482C668CD500996051 /* Build configuration list for PBXProject "Weather App" */ = {
			isa = XCConfigurationList;
			buildConfigurations = (
				5B081D592C668CD700996051 /* Debug */,
				5B081D5A2C668CD700996051 /* Release */,
			);
			defaultConfigurationIsVisible = 0;
			defaultConfigurationName = Release;
		};
		5B081D5B2C668CD700996051 /* Build configuration list for PBXNativeTarget "Weather App" */ = {
			isa = XCConfigurationList;
			buildConfigurations = (
				5B081D5C2C668CD700996051 /* Debug */,
				5B081D5D2C668CD700996051 /* Release */,
			);
			defaultConfigurationIsVisible = 0;
			defaultConfigurationName = Release;
		};
/* End XCConfigurationList section */
	};
	rootObject = 5B081D452C668CD500996051 /* Project object */;
}
